
Microsoft Visual Studio Solution File, Format Version 12.00
# Visual Studio Version 17
VisualStudioVersion = 17.7.34009.444
MinimumVisualStudioVersion = 10.0.40219.1
Project("{FAE04EC0-301F-11D3-BF4B-00C04F79EFBC}") = "WutheringWavesFPSUnlocker", "WutheringWavesFPSUnlocker.csproj", "{30DCA5E2-7146-4FDB-93EE-8E72B14EE364}"
EndProject
Global
	GlobalSection(SolutionConfigurationPlatforms) = preSolution
		Debug|Any CPU = Debug|Any CPU
		Release|Any CPU = Release|Any CPU
	EndGlobalSection
	GlobalSection(ProjectConfigurationPlatforms) = postSolution
		{30DCA5E2-7146-4FDB-93EE-8E72B14EE364}.Debug|Any CPU.ActiveCfg = Debug|Any CPU
		{30DCA5E2-7146-4FDB-93EE-8E72B14EE364}.Debug|Any CPU.Build.0 = Debug|Any CPU
		{30DCA5E2-7146-4FDB-93EE-8E72B14EE364}.Release|Any CPU.ActiveCfg = Release|Any CPU
		{30DCA5E2-7146-4FDB-93EE-8E72B14EE364}.Release|Any CPU.Build.0 = Release|Any CPU
	EndGlobalSection
	GlobalSection(SolutionProperties) = preSolution
		HideSolutionNode = FALSE
	EndGlobalSection
	GlobalSection(ExtensibilityGlobals) = postSolution
		SolutionGuid = {75E7D64C-9F98-4B23-9B82-4F4AD62FE332}
	EndGlobalSection
EndGlobal
